// !$*UTF8*$!
{
	archiveVersion = 1;
	classes = {
	};
	objectVersion = 50;
	objects = {

/* Begin PBXBuildFile section */
		2614953A21C0D18800E3D599 /* trialorilibrary.framework in Frameworks */ = {isa = PBXBuildFile; fileRef = 2614953021C0D18700E3D599 /* trialorilibrary.framework */; };
		2614953F21C0D18800E3D599 /* trialorilibraryTests.swift in Sources */ = {isa = PBXBuildFile; fileRef = 2614953E21C0D18800E3D599 /* trialorilibraryTests.swift */; };
		2614954121C0D18800E3D599 /* trialorilibrary.h in Headers */ = {isa = PBXBuildFile; fileRef = 2614953321C0D18800E3D599 /* trialorilibrary.h */; settings = {ATTRIBUTES = (Public, ); }; };
		2614954D21C0D30200E3D599 /* service.swift in Sources */ = {isa = PBXBuildFile; fileRef = 2614954C21C0D30200E3D599 /* service.swift */; };
/* End PBXBuildFile section */

/* Begin PBXContainerItemProxy section */
		2614953B21C0D18800E3D599 /* PBXContainerItemProxy */ = {
			isa = PBXContainerItemProxy;
			containerPortal = 2614952721C0D18700E3D599 /* Project object */;
			proxyType = 1;
			remoteGlobalIDString = 2614952F21C0D18700E3D599;
			remoteInfo = trialorilibrary;
		};
/* End PBXContainerItemProxy section */

/* Begin PBXFileReference section */
		2614953021C0D18700E3D599 /* trialorilibrary.framework */ = {isa = PBXFileReference; explicitFileType = wrapper.framework; includeInIndex = 0; path = trialorilibrary.framework; sourceTree = BUILT_PRODUCTS_DIR; };
		2614953321C0D18800E3D599 /* trialorilibrary.h */ = {isa = PBXFileReference; lastKnownFileType = sourcecode.c.h; path = trialorilibrary.h; sourceTree = "<group>"; };
		2614953421C0D18800E3D599 /* Info.plist */ = {isa = PBXFileReference; lastKnownFileType = text.plist.xml; path = Info.plist; sourceTree = "<group>"; };
		2614953921C0D18800E3D599 /* trialorilibraryTests.xctest */ = {isa = PBXFileReference; explicitFileType = wrapper.cfbundle; includeInIndex = 0; path = trialorilibraryTests.xctest; sourceTree = BUILT_PRODUCTS_DIR; };
		2614953E21C0D18800E3D599 /* trialorilibraryTests.swift */ = {isa = PBXFileReference; lastKnownFileType = sourcecode.swift; path = trialorilibraryTests.swift; sourceTree = "<group>"; };
		2614954021C0D18800E3D599 /* Info.plist */ = {isa = PBXFileReference; lastKnownFileType = text.plist.xml; path = Info.plist; sourceTree = "<group>"; };
		2614954C21C0D30200E3D599 /* service.swift */ = {isa = PBXFileReference; lastKnownFileType = sourcecode.swift; path = service.swift; sourceTree = "<group>"; };
/* End PBXFileReference section */

/* Begin PBXFrameworksBuildPhase section */
		2614952D21C0D18700E3D599 /* Frameworks */ = {
			isa = PBXFrameworksBuildPhase;
			buildActionMask = 2147483647;
			files = (
			);
			runOnlyForDeploymentPostprocessing = 0;
		};
		2614953621C0D18800E3D599 /* Frameworks */ = {
			isa = PBXFrameworksBuildPhase;
			buildActionMask = 2147483647;
			files = (
				2614953A21C0D18800E3D599 /* trialorilibrary.framework in Frameworks */,
			);
			runOnlyForDeploymentPostprocessing = 0;
		};
/* End PBXFrameworksBuildPhase section */

/* Begin PBXGroup section */
		2614952621C0D18700E3D599 = {
			isa = PBXGroup;
			children = (
				2614953221C0D18700E3D599 /* trialorilibrary */,
				2614953D21C0D18800E3D599 /* trialorilibraryTests */,
				2614953121C0D18700E3D599 /* Products */,
			);
			sourceTree = "<group>";
		};
		2614953121C0D18700E3D599 /* Products */ = {
			isa = PBXGroup;
			children = (
				2614953021C0D18700E3D599 /* trialorilibrary.framework */,
				2614953921C0D18800E3D599 /* trialorilibraryTests.xctest */,
			);
			name = Products;
			sourceTree = "<group>";
		};
		2614953221C0D18700E3D599 /* trialorilibrary */ = {
			isa = PBXGroup;
			children = (
				2614953321C0D18800E3D599 /* trialorilibrary.h */,
				2614953421C0D18800E3D599 /* Info.plist */,
				2614954C21C0D30200E3D599 /* service.swift */,
			);
			path = trialorilibrary;
			sourceTree = "<group>";
		};
		2614953D21C0D18800E3D599 /* trialorilibraryTests */ = {
			isa = PBXGroup;
			children = (
				2614953E21C0D18800E3D599 /* trialorilibraryTests.swift */,
				2614954021C0D18800E3D599 /* Info.plist */,
			);
			path = trialorilibraryTests;
			sourceTree = "<group>";
		};
/* End PBXGroup section */

/* Begin PBXHeadersBuildPhase section */
		2614952B21C0D18700E3D599 /* Headers */ = {
			isa = PBXHeadersBuildPhase;
			buildActionMask = 2147483647;
			files = (
				2614954121C0D18800E3D599 /* trialorilibrary.h in Headers */,
			);
			runOnlyForDeploymentPostprocessing = 0;
		};
/* End PBXHeadersBuildPhase section */

/* Begin PBXNativeTarget section */
		2614952F21C0D18700E3D599 /* trialorilibrary */ = {
			isa = PBXNativeTarget;
			buildConfigurationList = 2614954421C0D18800E3D599 /* Build configuration list for PBXNativeTarget "trialorilibrary" */;
			buildPhases = (
				2614952B21C0D18700E3D599 /* Headers */,
				2614952C21C0D18700E3D599 /* Sources */,
				2614952D21C0D18700E3D599 /* Frameworks */,
				2614952E21C0D18700E3D599 /* Resources */,
			);
			buildRules = (
			);
			dependencies = (
			);
			name = trialorilibrary;
			productName = trialorilibrary;
			productReference = 2614953021C0D18700E3D599 /* trialorilibrary.framework */;
			productType = "com.apple.product-type.framework";
		};
		2614953821C0D18800E3D599 /* trialorilibraryTests */ = {
			isa = PBXNativeTarget;
			buildConfigurationList = 2614954721C0D18800E3D599 /* Build configuration list for PBXNativeTarget "trialorilibraryTests" */;
			buildPhases = (
				2614953521C0D18800E3D599 /* Sources */,
				2614953621C0D18800E3D599 /* Frameworks */,
				2614953721C0D18800E3D599 /* Resources */,
			);
			buildRules = (
			);
			dependencies = (
				2614953C21C0D18800E3D599 /* PBXTargetDependency */,
			);
			name = trialorilibraryTests;
			productName = trialorilibraryTests;
			productReference = 2614953921C0D18800E3D599 /* trialorilibraryTests.xctest */;
			productType = "com.apple.product-type.bundle.unit-test";
		};
/* End PBXNativeTarget section */

/* Begin PBXProject section */
		2614952721C0D18700E3D599 /* Project object */ = {
			isa = PBXProject;
			attributes = {
				LastSwiftUpdateCheck = 1010;
				LastUpgradeCheck = 1010;
				ORGANIZATIONNAME = oriserve;
				TargetAttributes = {
					2614952F21C0D18700E3D599 = {
						CreatedOnToolsVersion = 10.1;
						LastSwiftMigration = 1010;
					};
					2614953821C0D18800E3D599 = {
						CreatedOnToolsVersion = 10.1;
					};
				};
			};
			buildConfigurationList = 2614952A21C0D18700E3D599 /* Build configuration list for PBXProject "trialorilibrary" */;
			compatibilityVersion = "Xcode 9.3";
			developmentRegion = en;
			hasScannedForEncodings = 0;
			knownRegions = (
				en,
			);
			mainGroup = 2614952621C0D18700E3D599;
			productRefGroup = 2614953121C0D18700E3D599 /* Products */;
			projectDirPath = "";
			projectRoot = "";
			targets = (
				2614952F21C0D18700E3D599 /* trialorilibrary */,
				2614953821C0D18800E3D599 /* trialorilibraryTests */,
			);
		};
/* End PBXProject section */

/* Begin PBXResourcesBuildPhase section */
		2614952E21C0D18700E3D599 /* Resources */ = {
			isa = PBXResourcesBuildPhase;
			buildActionMask = 2147483647;
			files = (
			);
			runOnlyForDeploymentPostprocessing = 0;
		};
		2614953721C0D18800E3D599 /* Resources */ = {
			isa = PBXResourcesBuildPhase;
			buildActionMask = 2147483647;
			files = (
			);
			runOnlyForDeploymentPostprocessing = 0;
		};
/* End PBXResourcesBuildPhase section */

/* Begin PBXSourcesBuildPhase section */
		2614952C21C0D18700E3D599 /* Sources */ = {
			isa = PBXSourcesBuildPhase;
			buildActionMask = 2147483647;
			files = (
				2614954D21C0D30200E3D599 /* service.swift in Sources */,
			);
			runOnlyForDeploymentPostprocessing = 0;
		};
		2614953521C0D18800E3D599 /* Sources */ = {
			isa = PBXSourcesBuildPhase;
			buildActionMask = 2147483647;
			files = (
				2614953F21C0D18800E3D599 /* trialorilibraryTests.swift in Sources */,
			);
			runOnlyForDeploymentPostprocessing = 0;
		};
/* End PBXSourcesBuildPhase section */

/* Begin PBXTargetDependency section */
		2614953C21C0D18800E3D599 /* PBXTargetDependency */ = {
			isa = PBXTargetDependency;
			target = 2614952F21C0D18700E3D599 /* trialorilibrary */;
			targetProxy = 2614953B21C0D18800E3D599 /* PBXContainerItemProxy */;
		};
/* End PBXTargetDependency section */

/* Begin XCBuildConfiguration section */
		2614954221C0D18800E3D599 /* Debug */ = {
			isa = XCBuildConfiguration;
			buildSettings = {
				ALWAYS_SEARCH_USER_PATHS = NO;
				CLANG_ANALYZER_NONNULL = YES;
				CLANG_ANALYZER_NUMBER_OBJECT_CONVERSION = YES_AGGRESSIVE;
				CLANG_CXX_LANGUAGE_STANDARD = "gnu++14";
				CLANG_CXX_LIBRARY = "libc++";
				CLANG_ENABLE_MODULES = YES;
				CLANG_ENABLE_OBJC_ARC = YES;
				CLANG_ENABLE_OBJC_WEAK = YES;
				CLANG_WARN_BLOCK_CAPTURE_AUTORELEASING = YES;
				CLANG_WARN_BOOL_CONVERSION = YES;
				CLANG_WARN_COMMA = YES;
				CLANG_WARN_CONSTANT_CONVERSION = YES;
				CLANG_WARN_DEPRECATED_OBJC_IMPLEMENTATIONS = YES;
				CLANG_WARN_DIRECT_OBJC_ISA_USAGE = YES_ERROR;
				CLANG_WARN_DOCUMENTATION_COMMENTS = YES;
				CLANG_WARN_EMPTY_BODY = YES;
				CLANG_WARN_ENUM_CONVERSION = YES;
				CLANG_WARN_INFINITE_RECURSION = YES;
				CLANG_WARN_INT_CONVERSION = YES;
				CLANG_WARN_NON_LITERAL_NULL_CONVERSION = YES;
				CLANG_WARN_OBJC_IMPLICIT_RETAIN_SELF = YES;
				CLANG_WARN_OBJC_LITERAL_CONVERSION = YES;
				CLANG_WARN_OBJC_ROOT_CLASS = YES_ERROR;
				CLANG_WARN_RANGE_LOOP_ANALYSIS = YES;
				CLANG_WARN_STRICT_PROTOTYPES = YES;
				CLANG_WARN_SUSPICIOUS_MOVE = YES;
				CLANG_WARN_UNGUARDED_AVAILABILITY = YES_AGGRESSIVE;
				CLANG_WARN_UNREACHABLE_CODE = YES;
				CLANG_WARN__DUPLICATE_METHOD_MATCH = YES;
				CODE_SIGN_IDENTITY = "iPhone Developer";
				COPY_PHASE_STRIP = NO;
				CURRENT_PROJECT_VERSION = 1;
				DEBUG_INFORMATION_FORMAT = dwarf;
				ENABLE_STRICT_OBJC_MSGSEND = YES;
				ENABLE_TESTABILITY = YES;
				GCC_C_LANGUAGE_STANDARD = gnu11;
				GCC_DYNAMIC_NO_PIC = NO;
				GCC_NO_COMMON_BLOCKS = YES;
				GCC_OPTIMIZATION_LEVEL = 0;
				GCC_PREPROCESSOR_DEFINITIONS = (
					"DEBUG=1",
					"$(inherited)",
				);
				GCC_WARN_64_TO_32_BIT_CONVERSION = YES;
				GCC_WARN_ABOUT_RETURN_TYPE = YES_ERROR;
				GCC_WARN_UNDECLARED_SELECTOR = YES;
				GCC_WARN_UNINITIALIZED_AUTOS = YES_AGGRESSIVE;
				GCC_WARN_UNUSED_FUNCTION = YES;
				GCC_WARN_UNUSED_VARIABLE = YES;
				IPHONEOS_DEPLOYMENT_TARGET = 12.1;
				MTL_ENABLE_DEBUG_INFO = INCLUDE_SOURCE;
				MTL_FAST_MATH = YES;
				ONLY_ACTIVE_ARCH = YES;
				SDKROOT = iphoneos;
				SWIFT_ACTIVE_COMPILATION_CONDITIONS = DEBUG;
				SWIFT_OPTIMIZATION_LEVEL = "-Onone";
				VERSIONING_SYSTEM = "apple-generic";
				VERSION_INFO_PREFIX = "";
			};
			name = Debug;
		};
		2614954321C0D18800E3D599 /* Release */ = {
			isa = XCBuildConfiguration;
			buildSettings = {
				ALWAYS_SEARCH_USER_PATHS = NO;
				CLANG_ANALYZER_NONNULL = YES;
				CLANG_ANALYZER_NUMBER_OBJECT_CONVERSION = YES_AGGRESSIVE;
				CLANG_CXX_LANGUAGE_STANDARD = "gnu++14";
				CLANG_CXX_LIBRARY = "libc++";
				CLANG_ENABLE_MODULES = YES;
				CLANG_ENABLE_OBJC_ARC = YES;
				CLANG_ENABLE_OBJC_WEAK = YES;
				CLANG_WARN_BLOCK_CAPTURE_AUTORELEASING = YES;
				CLANG_WARN_BOOL_CONVERSION = YES;
				CLANG_WARN_COMMA = YES;
				CLANG_WARN_CONSTANT_CONVERSION = YES;
				CLANG_WARN_DEPRECATED_OBJC_IMPLEMENTATIONS = YES;
				CLANG_WARN_DIRECT_OBJC_ISA_USAGE = YES_ERROR;
				CLANG_WARN_DOCUMENTATION_COMMENTS = YES;
				CLANG_WARN_EMPTY_BODY = YES;
				CLANG_WARN_ENUM_CONVERSION = YES;
				CLANG_WARN_INFINITE_RECURSION = YES;
				CLANG_WARN_INT_CONVERSION = YES;
				CLANG_WARN_NON_LITERAL_NULL_CONVERSION = YES;
				CLANG_WARN_OBJC_IMPLICIT_RETAIN_SELF = YES;
				CLANG_WARN_OBJC_LITERAL_CONVERSION = YES;
				CLANG_WARN_OBJC_ROOT_CLASS = YES_ERROR;
				CLANG_WARN_RANGE_LOOP_ANALYSIS = YES;
				CLANG_WARN_STRICT_PROTOTYPES = YES;
				CLANG_WARN_SUSPICIOUS_MOVE = YES;
				CLANG_WARN_UNGUARDED_AVAILABILITY = YES_AGGRESSIVE;
				CLANG_WARN_UNREACHABLE_CODE = YES;
				CLANG_WARN__DUPLICATE_METHOD_MATCH = YES;
				CODE_SIGN_IDENTITY = "iPhone Developer";
				COPY_PHASE_STRIP = NO;
				CURRENT_PROJECT_VERSION = 1;
				DEBUG_INFORMATION_FORMAT = "dwarf-with-dsym";
				ENABLE_NS_ASSERTIONS = NO;
				ENABLE_STRICT_OBJC_MSGSEND = YES;
				GCC_C_LANGUAGE_STANDARD = gnu11;
				GCC_NO_COMMON_BLOCKS = YES;
				GCC_WARN_64_TO_32_BIT_CONVERSION = YES;
				GCC_WARN_ABOUT_RETURN_TYPE = YES_ERROR;
				GCC_WARN_UNDECLARED_SELECTOR = YES;
				GCC_WARN_UNINITIALIZED_AUTOS = YES_AGGRESSIVE;
				GCC_WARN_UNUSED_FUNCTION = YES;
				GCC_WARN_UNUSED_VARIABLE = YES;
				IPHONEOS_DEPLOYMENT_TARGET = 12.1;
				MTL_ENABLE_DEBUG_INFO = NO;
				MTL_FAST_MATH = YES;
				SDKROOT = iphoneos;
				SWIFT_COMPILATION_MODE = wholemodule;
				SWIFT_OPTIMIZATION_LEVEL = "-O";
				VALIDATE_PRODUCT = YES;
				VERSIONING_SYSTEM = "apple-generic";
				VERSION_INFO_PREFIX = "";
			};
			name = Release;
		};
		2614954521C0D18800E3D599 /* Debug */ = {
			isa = XCBuildConfiguration;
			buildSettings = {
				CLANG_ENABLE_MODULES = YES;
				CODE_SIGN_IDENTITY = "";
				CODE_SIGN_STYLE = Automatic;
				DEFINES_MODULE = YES;
				DYLIB_COMPATIBILITY_VERSION = 1;
				DYLIB_CURRENT_VERSION = 1;
				DYLIB_INSTALL_NAME_BASE = "@rpath";
				INFOPLIST_FILE = trialorilibrary/Info.plist;
				INSTALL_PATH = "$(LOCAL_LIBRARY_DIR)/Frameworks";
				LD_RUNPATH_SEARCH_PATHS = (
					"$(inherited)",
					"@executable_path/Frameworks",
					"@loader_path/Frameworks",
				);
				PRODUCT_BUNDLE_IDENTIFIER = com.oriserve.trialorilibrary;
				PRODUCT_NAME = "$(TARGET_NAME:c99extidentifier)";
				SKIP_INSTALL = YES;
				SWIFT_OPTIMIZATION_LEVEL = "-Onone";
				SWIFT_VERSION = 4.2;
				TARGETED_DEVICE_FAMILY = "1,2";
			};
			name = Debug;
		};
		2614954621C0D18800E3D599 /* Release */ = {
			isa = XCBuildConfiguration;
			buildSettings = {
				CLANG_ENABLE_MODULES = YES;
				CODE_SIGN_IDENTITY = "";
				CODE_SIGN_STYLE = Automatic;
				DEFINES_MODULE = YES;
				DYLIB_COMPATIBILITY_VERSION = 1;
				DYLIB_CURRENT_VERSION = 1;
				DYLIB_INSTALL_NAME_BASE = "@rpath";
				INFOPLIST_FILE = trialorilibrary/Info.plist;
				INSTALL_PATH = "$(LOCAL_LIBRARY_DIR)/Frameworks";
				LD_RUNPATH_SEARCH_PATHS = (
					"$(inherited)",
					"@executable_path/Frameworks",
					"@loader_path/Frameworks",
				);
				PRODUCT_BUNDLE_IDENTIFIER = com.oriserve.trialorilibrary;
				PRODUCT_NAME = "$(TARGET_NAME:c99extidentifier)";
				SKIP_INSTALL = YES;
				SWIFT_VERSION = 4.2;
				TARGETED_DEVICE_FAMILY = "1,2";
			};
			name = Release;
		};
		2614954821C0D18800E3D599 /* Debug */ = {
			isa = XCBuildConfiguration;
			buildSettings = {
				ALWAYS_EMBED_SWIFT_STANDARD_LIBRARIES = YES;
				CODE_SIGN_STYLE = Automatic;
				INFOPLIST_FILE = trialorilibraryTests/Info.plist;
				LD_RUNPATH_SEARCH_PATHS = (
					"$(inherited)",
					"@executable_path/Frameworks",
					"@loader_path/Frameworks",
				);
				PRODUCT_BUNDLE_IDENTIFIER = com.oriserve.trialorilibraryTests;
				PRODUCT_NAME = "$(TARGET_NAME)";
				SWIFT_VERSION = 4.2;
				TARGETED_DEVICE_FAMILY = "1,2";
			};
			name = Debug;
		};
		2614954921C0D18800E3D599 /* Release */ = {
			isa = XCBuildConfiguration;
			buildSettings = {
				ALWAYS_EMBED_SWIFT_STANDARD_LIBRARIES = YES;
				CODE_SIGN_STYLE = Automatic;
				INFOPLIST_FILE = trialorilibraryTests/Info.plist;
				LD_RUNPATH_SEARCH_PATHS = (
					"$(inherited)",
					"@executable_path/Frameworks",
					"@loader_path/Frameworks",
				);
				PRODUCT_BUNDLE_IDENTIFIER = com.oriserve.trialorilibraryTests;
				PRODUCT_NAME = "$(TARGET_NAME)";
				SWIFT_VERSION = 4.2;
				TARGETED_DEVICE_FAMILY = "1,2";
			};
			name = Release;
		};
/* End XCBuildConfiguration section */

/* Begin XCConfigurationList section */
		2614952A21C0D18700E3D599 /* Build configuration list for PBXProject "trialorilibrary" */ = {
			isa = XCConfigurationList;
			buildConfigurations = (
				2614954221C0D18800E3D599 /* Debug */,
				2614954321C0D18800E3D599 /* Release */,
			);
			defaultConfigurationIsVisible = 0;
			defaultConfigurationName = Release;
		};
		2614954421C0D18800E3D599 /* Build configuration list for PBXNativeTarget "trialorilibrary" */ = {
			isa = XCConfigurationList;
			buildConfigurations = (
				2614954521C0D18800E3D599 /* Debug */,
				2614954621C0D18800E3D599 /* Release */,
			);
			defaultConfigurationIsVisible = 0;
			defaultConfigurationName = Release;
		};
		2614954721C0D18800E3D599 /* Build configuration list for PBXNativeTarget "trialorilibraryTests" */ = {
			isa = XCConfigurationList;
			buildConfigurations = (
				2614954821C0D18800E3D599 /* Debug */,
				2614954921C0D18800E3D599 /* Release */,
			);
			defaultConfigurationIsVisible = 0;
			defaultConfigurationName = Release;
		};
/* End XCConfigurationList section */
	};
	rootObject = 2614952721C0D18700E3D599 /* Project object */;
}
